// !$*UTF8*$!
{
	archiveVersion = 1;
	classes = {
	};
	objectVersion = 50;
	objects = {

/* Begin PBXBuildFile section */
		45F878E723F3C34000D138CA /* AppDelegate.m in Sources */ = {isa = PBXBuildFile; fileRef = 45F878E623F3C34000D138CA /* AppDelegate.m */; };
		45F878EA23F3C34000D138CA /* SceneDelegate.m in Sources */ = {isa = PBXBuildFile; fileRef = 45F878E923F3C34000D138CA /* SceneDelegate.m */; };
		45F878ED23F3C34000D138CA /* ViewController.m in Sources */ = {isa = PBXBuildFile; fileRef = 45F878EC23F3C34000D138CA /* ViewController.m */; };
		45F878F023F3C34000D138CA /* Main.storyboard in Resources */ = {isa = PBXBuildFile; fileRef = 45F878EE23F3C34000D138CA /* Main.storyboard */; };
		45F878F223F3C34100D138CA /* Assets.xcassets in Resources */ = {isa = PBXBuildFile; fileRef = 45F878F123F3C34100D138CA /* Assets.xcassets */; };
		45F878F523F3C34100D138CA /* LaunchScreen.storyboard in Resources */ = {isa = PBXBuildFile; fileRef = 45F878F323F3C34100D138CA /* LaunchScreen.storyboard */; };
		45F878F823F3C34100D138CA /* main.m in Sources */ = {isa = PBXBuildFile; fileRef = 45F878F723F3C34100D138CA /* main.m */; };
/* End PBXBuildFile section */

/* Begin PBXFileReference section */
		45F878E223F3C34000D138CA /* DailyProject.app */ = {isa = PBXFileReference; explicitFileType = wrapper.application; includeInIndex = 0; path = DailyProject.app; sourceTree = BUILT_PRODUCTS_DIR; };
		45F878E523F3C34000D138CA /* AppDelegate.h */ = {isa = PBXFileReference; lastKnownFileType = sourcecode.c.h; path = AppDelegate.h; sourceTree = "<group>"; };
		45F878E623F3C34000D138CA /* AppDelegate.m */ = {isa = PBXFileReference; lastKnownFileType = sourcecode.c.objc; path = AppDelegate.m; sourceTree = "<group>"; };
		45F878E823F3C34000D138CA /* SceneDelegate.h */ = {isa = PBXFileReference; lastKnownFileType = sourcecode.c.h; path = SceneDelegate.h; sourceTree = "<group>"; };
		45F878E923F3C34000D138CA /* SceneDelegate.m */ = {isa = PBXFileReference; lastKnownFileType = sourcecode.c.objc; path = SceneDelegate.m; sourceTree = "<group>"; };
		45F878EB23F3C34000D138CA /* ViewController.h */ = {isa = PBXFileReference; lastKnownFileType = sourcecode.c.h; path = ViewController.h; sourceTree = "<group>"; };
		45F878EC23F3C34000D138CA /* ViewController.m */ = {isa = PBXFileReference; lastKnownFileType = sourcecode.c.objc; path = ViewController.m; sourceTree = "<group>"; };
		45F878EF23F3C34000D138CA /* Base */ = {isa = PBXFileReference; lastKnownFileType = file.storyboard; name = Base; path = Base.lproj/Main.storyboard; sourceTree = "<group>"; };
		45F878F123F3C34100D138CA /* Assets.xcassets */ = {isa = PBXFileReference; lastKnownFileType = folder.assetcatalog; path = Assets.xcassets; sourceTree = "<group>"; };
		45F878F423F3C34100D138CA /* Base */ = {isa = PBXFileReference; lastKnownFileType = file.storyboard; name = Base; path = Base.lproj/LaunchScreen.storyboard; sourceTree = "<group>"; };
		45F878F623F3C34100D138CA /* Info.plist */ = {isa = PBXFileReference; lastKnownFileType = text.plist.xml; path = Info.plist; sourceTree = "<group>"; };
		45F878F723F3C34100D138CA /* main.m */ = {isa = PBXFileReference; lastKnownFileType = sourcecode.c.objc; path = main.m; sourceTree = "<group>"; };
/* End PBXFileReference section */

/* Begin PBXFrameworksBuildPhase section */
		45F878DF23F3C34000D138CA /* Frameworks */ = {
			isa = PBXFrameworksBuildPhase;
			buildActionMask = 2147483647;
			files = (
			);
			runOnlyForDeploymentPostprocessing = 0;
		};
/* End PBXFrameworksBuildPhase section */

/* Begin PBXGroup section */
		45F878D923F3C34000D138CA = {
			isa = PBXGroup;
			children = (
				45F878E423F3C34000D138CA /* DailyProject */,
				45F878E323F3C34000D138CA /* Products */,
			);
			sourceTree = "<group>";
		};
		45F878E323F3C34000D138CA /* Products */ = {
			isa = PBXGroup;
			children = (
				45F878E223F3C34000D138CA /* DailyProject.app */,
			);
			name = Products;
			sourceTree = "<group>";
		};
		45F878E423F3C34000D138CA /* DailyProject */ = {
			isa = PBXGroup;
			children = (
				45F878E523F3C34000D138CA /* AppDelegate.h */,
				45F878E623F3C34000D138CA /* AppDelegate.m */,
				45F878E823F3C34000D138CA /* SceneDelegate.h */,
				45F878E923F3C34000D138CA /* SceneDelegate.m */,
				45F878EB23F3C34000D138CA /* ViewController.h */,
				45F878EC23F3C34000D138CA /* ViewController.m */,
				45F878EE23F3C34000D138CA /* Main.storyboard */,
				45F878F123F3C34100D138CA /* Assets.xcassets */,
				45F878F323F3C34100D138CA /* LaunchScreen.storyboard */,
				45F878F623F3C34100D138CA /* Info.plist */,
				45F878F723F3C34100D138CA /* main.m */,
			);
			path = DailyProject;
			sourceTree = "<group>";
		};
/* End PBXGroup section */

/* Begin PBXNativeTarget section */
		45F878E123F3C34000D138CA /* DailyProject */ = {
			isa = PBXNativeTarget;
			buildConfigurationList = 45F878FB23F3C34100D138CA /* Build configuration list for PBXNativeTarget "DailyProject" */;
			buildPhases = (
				45F878DE23F3C34000D138CA /* Sources */,
				45F878DF23F3C34000D138CA /* Frameworks */,
				45F878E023F3C34000D138CA /* Resources */,
			);
			buildRules = (
			);
			dependencies = (
			);
			name = DailyProject;
			productName = DailyProject;
			productReference = 45F878E223F3C34000D138CA /* DailyProject.app */;
			productType = "com.apple.product-type.application";
		};
/* End PBXNativeTarget section */

/* Begin PBXProject section */
		45F878DA23F3C34000D138CA /* Project object */ = {
			isa = PBXProject;
			attributes = {
				LastUpgradeCheck = 1110;
				ORGANIZATIONNAME = Joky_Lee;
				TargetAttributes = {
					45F878E123F3C34000D138CA = {
						CreatedOnToolsVersion = 11.1;
					};
				};
			};
			buildConfigurationList = 45F878DD23F3C34000D138CA /* Build configuration list for PBXProject "DailyProject" */;
			compatibilityVersion = "Xcode 9.3";
			developmentRegion = en;
			hasScannedForEncodings = 0;
			knownRegions = (
				en,
				Base,
			);
			mainGroup = 45F878D923F3C34000D138CA;
			productRefGroup = 45F878E323F3C34000D138CA /* Products */;
			projectDirPath = "";
			projectRoot = "";
			targets = (
				45F878E123F3C34000D138CA /* DailyProject */,
			);
		};
/* End PBXProject section */

/* Begin PBXResourcesBuildPhase section */
		45F878E023F3C34000D138CA /* Resources */ = {
			isa = PBXResourcesBuildPhase;
			buildActionMask = 2147483647;
			files = (
				45F878F523F3C34100D138CA /* LaunchScreen.storyboard in Resources */,
				45F878F223F3C34100D138CA /* Assets.xcassets in Resources */,
				45F878F023F3C34000D138CA /* Main.storyboard in Resources */,
			);
			runOnlyForDeploymentPostprocessing = 0;
		};
/* End PBXResourcesBuildPhase section */

/* Begin PBXSourcesBuildPhase section */
		45F878DE23F3C34000D138CA /* Sources */ = {
			isa = PBXSourcesBuildPhase;
			buildActionMask = 2147483647;
			files = (
				45F878ED23F3C34000D138CA /* ViewController.m in Sources */,
				45F878E723F3C34000D138CA /* AppDelegate.m in Sources */,
				45F878F823F3C34100D138CA /* main.m in Sources */,
				45F878EA23F3C34000D138CA /* SceneDelegate.m in Sources */,
			);
			runOnlyForDeploymentPostprocessing = 0;
		};
/* End PBXSourcesBuildPhase section */

/* Begin PBXVariantGroup section */
		45F878EE23F3C34000D138CA /* Main.storyboard */ = {
			isa = PBXVariantGroup;
			children = (
				45F878EF23F3C34000D138CA /* Base */,
			);
			name = Main.storyboard;
			sourceTree = "<group>";
		};
		45F878F323F3C34100D138CA /* LaunchScreen.storyboard */ = {
			isa = PBXVariantGroup;
			children = (
				45F878F423F3C34100D138CA /* Base */,
			);
			name = LaunchScreen.storyboard;
			sourceTree = "<group>";
		};
/* End PBXVariantGroup section */

/* Begin XCBuildConfiguration section */
		45F878F923F3C34100D138CA /* Debug */ = {
			isa = XCBuildConfiguration;
			buildSettings = {
				ALWAYS_SEARCH_USER_PATHS = NO;
				CLANG_ANALYZER_NONNULL = YES;
				CLANG_ANALYZER_NUMBER_OBJECT_CONVERSION = YES_AGGRESSIVE;
				CLANG_CXX_LANGUAGE_STANDARD = "gnu++14";
				CLANG_CXX_LIBRARY = "libc++";
				CLANG_ENABLE_MODULES = YES;
				CLANG_ENABLE_OBJC_ARC = YES;
				CLANG_ENABLE_OBJC_WEAK = YES;
				CLANG_WARN_BLOCK_CAPTURE_AUTORELEASING = YES;
				CLANG_WARN_BOOL_CONVERSION = YES;
				CLANG_WARN_COMMA = YES;
				CLANG_WARN_CONSTANT_CONVERSION = YES;
				CLANG_WARN_DEPRECATED_OBJC_IMPLEMENTATIONS = YES;
				CLANG_WARN_DIRECT_OBJC_ISA_USAGE = YES_ERROR;
				CLANG_WARN_DOCUMENTATION_COMMENTS = YES;
				CLANG_WARN_EMPTY_BODY = YES;
				CLANG_WARN_ENUM_CONVERSION = YES;
				CLANG_WARN_INFINITE_RECURSION = YES;
				CLANG_WARN_INT_CONVERSION = YES;
				CLANG_WARN_NON_LITERAL_NULL_CONVERSION = YES;
				CLANG_WARN_OBJC_IMPLICIT_RETAIN_SELF = YES;
				CLANG_WARN_OBJC_LITERAL_CONVERSION = YES;
				CLANG_WARN_OBJC_ROOT_CLASS = YES_ERROR;
				CLANG_WARN_RANGE_LOOP_ANALYSIS = YES;
				CLANG_WARN_STRICT_PROTOTYPES = YES;
				CLANG_WARN_SUSPICIOUS_MOVE = YES;
				CLANG_WARN_UNGUARDED_AVAILABILITY = YES_AGGRESSIVE;
				CLANG_WARN_UNREACHABLE_CODE = YES;
				CLANG_WARN__DUPLICATE_METHOD_MATCH = YES;
				COPY_PHASE_STRIP = NO;
				DEBUG_INFORMATION_FORMAT = dwarf;
				ENABLE_STRICT_OBJC_MSGSEND = YES;
				ENABLE_TESTABILITY = YES;
				GCC_C_LANGUAGE_STANDARD = gnu11;
				GCC_DYNAMIC_NO_PIC = NO;
				GCC_NO_COMMON_BLOCKS = YES;
				GCC_OPTIMIZATION_LEVEL = 0;
				GCC_PREPROCESSOR_DEFINITIONS = (
					"DEBUG=1",
					"$(inherited)",
				);
				GCC_WARN_64_TO_32_BIT_CONVERSION = YES;
				GCC_WARN_ABOUT_RETURN_TYPE = YES_ERROR;
				GCC_WARN_UNDECLARED_SELECTOR = YES;
				GCC_WARN_UNINITIALIZED_AUTOS = YES_AGGRESSIVE;
				GCC_WARN_UNUSED_FUNCTION = YES;
				GCC_WARN_UNUSED_VARIABLE = YES;
				IPHONEOS_DEPLOYMENT_TARGET = 13.1;
				MTL_ENABLE_DEBUG_INFO = INCLUDE_SOURCE;
				MTL_FAST_MATH = YES;
				ONLY_ACTIVE_ARCH = YES;
				SDKROOT = iphoneos;
			};
			name = Debug;
		};
		45F878FA23F3C34100D138CA /* Release */ = {
			isa = XCBuildConfiguration;
			buildSettings = {
				ALWAYS_SEARCH_USER_PATHS = NO;
				CLANG_ANALYZER_NONNULL = YES;
				CLANG_ANALYZER_NUMBER_OBJECT_CONVERSION = YES_AGGRESSIVE;
				CLANG_CXX_LANGUAGE_STANDARD = "gnu++14";
				CLANG_CXX_LIBRARY = "libc++";
				CLANG_ENABLE_MODULES = YES;
				CLANG_ENABLE_OBJC_ARC = YES;
				CLANG_ENABLE_OBJC_WEAK = YES;
				CLANG_WARN_BLOCK_CAPTURE_AUTORELEASING = YES;
				CLANG_WARN_BOOL_CONVERSION = YES;
				CLANG_WARN_COMMA = YES;
				CLANG_WARN_CONSTANT_CONVERSION = YES;
				CLANG_WARN_DEPRECATED_OBJC_IMPLEMENTATIONS = YES;
				CLANG_WARN_DIRECT_OBJC_ISA_USAGE = YES_ERROR;
				CLANG_WARN_DOCUMENTATION_COMMENTS = YES;
				CLANG_WARN_EMPTY_BODY = YES;
				CLANG_WARN_ENUM_CONVERSION = YES;
				CLANG_WARN_INFINITE_RECURSION = YES;
				CLANG_WARN_INT_CONVERSION = YES;
				CLANG_WARN_NON_LITERAL_NULL_CONVERSION = YES;
				CLANG_WARN_OBJC_IMPLICIT_RETAIN_SELF = YES;
				CLANG_WARN_OBJC_LITERAL_CONVERSION = YES;
				CLANG_WARN_OBJC_ROOT_CLASS = YES_ERROR;
				CLANG_WARN_RANGE_LOOP_ANALYSIS = YES;
				CLANG_WARN_STRICT_PROTOTYPES = YES;
				CLANG_WARN_SUSPICIOUS_MOVE = YES;
				CLANG_WARN_UNGUARDED_AVAILABILITY = YES_AGGRESSIVE;
				CLANG_WARN_UNREACHABLE_CODE = YES;
				CLANG_WARN__DUPLICATE_METHOD_MATCH = YES;
				COPY_PHASE_STRIP = NO;
				DEBUG_INFORMATION_FORMAT = "dwarf-with-dsym";
				ENABLE_NS_ASSERTIONS = NO;
				ENABLE_STRICT_OBJC_MSGSEND = YES;
				GCC_C_LANGUAGE_STANDARD = gnu11;
				GCC_NO_COMMON_BLOCKS = YES;
				GCC_WARN_64_TO_32_BIT_CONVERSION = YES;
				GCC_WARN_ABOUT_RETURN_TYPE = YES_ERROR;
				GCC_WARN_UNDECLARED_SELECTOR = YES;
				GCC_WARN_UNINITIALIZED_AUTOS = YES_AGGRESSIVE;
				GCC_WARN_UNUSED_FUNCTION = YES;
				GCC_WARN_UNUSED_VARIABLE = YES;
				IPHONEOS_DEPLOYMENT_TARGET = 13.1;
				MTL_ENABLE_DEBUG_INFO = NO;
				MTL_FAST_MATH = YES;
				SDKROOT = iphoneos;
				VALIDATE_PRODUCT = YES;
			};
			name = Release;
		};
		45F878FC23F3C34100D138CA /* Debug */ = {
			isa = XCBuildConfiguration;
			buildSettings = {
				ASSETCATALOG_COMPILER_APPICON_NAME = AppIcon;
				CODE_SIGN_STYLE = Automatic;
				INFOPLIST_FILE = DailyProject/Info.plist;
				LD_RUNPATH_SEARCH_PATHS = (
					"$(inherited)",
					"@executable_path/Frameworks",
				);
				PRODUCT_BUNDLE_IDENTIFIER = SDJoky.DailyProject;
				PRODUCT_NAME = "$(TARGET_NAME)";
				TARGETED_DEVICE_FAMILY = "1,2";
			};
			name = Debug;
		};
		45F878FD23F3C34100D138CA /* Release */ = {
			isa = XCBuildConfiguration;
			buildSettings = {
				ASSETCATALOG_COMPILER_APPICON_NAME = AppIcon;
				CODE_SIGN_STYLE = Automatic;
				INFOPLIST_FILE = DailyProject/Info.plist;
				LD_RUNPATH_SEARCH_PATHS = (
					"$(inherited)",
					"@executable_path/Frameworks",
				);
				PRODUCT_BUNDLE_IDENTIFIER = SDJoky.DailyProject;
				PRODUCT_NAME = "$(TARGET_NAME)";
				TARGETED_DEVICE_FAMILY = "1,2";
			};
			name = Release;
		};
/* End XCBuildConfiguration section */

/* Begin XCConfigurationList section */
		45F878DD23F3C34000D138CA /* Build configuration list for PBXProject "DailyProject" */ = {
			isa = XCConfigurationList;
			buildConfigurations = (
				45F878F923F3C34100D138CA /* Debug */,
				45F878FA23F3C34100D138CA /* Release */,
			);
			defaultConfigurationIsVisible = 0;
			defaultConfigurationName = Release;
		};
		45F878FB23F3C34100D138CA /* Build configuration list for PBXNativeTarget "DailyProject" */ = {
			isa = XCConfigurationList;
			buildConfigurations = (
				45F878FC23F3C34100D138CA /* Debug */,
				45F878FD23F3C34100D138CA /* Release */,
			);
			defaultConfigurationIsVisible = 0;
			defaultConfigurationName = Release;
		};
/* End XCConfigurationList section */
	};
	rootObject = 45F878DA23F3C34000D138CA /* Project object */;
}
